{
  "version": 4,
  "terraform_version": "0.12.2",
  "serial": 1,
  "lineage": "fa32ed4d-4afc-7267-f33b-7e54f1bbbb4b",
  "outputs": {},
  "resources": [
    {
      "mode": "managed",
      "type": "aws_key_pair",
      "name": "tf_auth",
      "provider": "provider.aws",
      "instances": [
        {
          "schema_version": 1,
          "attributes": {
            "fingerprint": "9c:f9:06:ba:f4:78:14:99:b0:37:30:17:50:23:45:23",
            "id": "tfkey",
            "key_name": "tfkey",
            "key_name_prefix": null,
            "public_key": "ssh-rsa AAAAB3NzaC1yc2EAAAADAQABAAABAQDNnqxGts+VkCEA0ViOjR6XwCdZJ/ZZUyBIoSBrA0UuQw2+TsnUdv7GR4RbPybAyB6zLqiIEzVRf7zKo9B3e3HA9+7BirZfZ4NWZi22cqC8u0EPQ6VfkF4OkuiLdWYsaLWfpHG2P1S9UmKqRSophEsdqQracBfWoRemLMwpWjY0el+ua8EadUo236PXjmFNrNSmZ1pzoS0RPkl2NW4QaVOX2TdCmby1FOZlalRT5Zm0ZHnrgx+fXh8N2HPZGL576CRvo1a8ssA+4Ojl7KmPP8/Aqnt8vAX3LvsDx9Yjs9xEnbx8ZbPv7UYUuMioYycZJbgYSj/hPl0jIB6IRAU4WAQP root@kasulachandra911c.mylabserver.com"
          },
          "private": "eyJzY2hlbWFfdmVyc2lvbiI6IjEifQ=="
        }
      ]
    }
  ]
}
